// !$*UTF8*$!
{
	archiveVersion = 1;
	classes = {
	};
	objectVersion = 46;
	objects = {

/* Begin PBXBuildFile section */
		B524BE9515D10B5D00A0337D /* AHAppDelegate.m in Sources */ = {isa = PBXBuildFile; fileRef = B524BE9415D10B5D00A0337D /* AHAppDelegate.m */; };
		B592DBF215D0F077000133DA /* Cocoa.framework in Frameworks */ = {isa = PBXBuildFile; fileRef = B592DBF115D0F077000133DA /* Cocoa.framework */; };
		B592DBFC15D0F077000133DA /* InfoPlist.strings in Resources */ = {isa = PBXBuildFile; fileRef = B592DBFA15D0F077000133DA /* InfoPlist.strings */; };
		B592DBFE15D0F077000133DA /* main.m in Sources */ = {isa = PBXBuildFile; fileRef = B592DBFD15D0F077000133DA /* main.m */; };
		B592DC0215D0F077000133DA /* Credits.rtf in Resources */ = {isa = PBXBuildFile; fileRef = B592DC0015D0F077000133DA /* Credits.rtf */; };
		B5934B2815D0F6D000423A04 /* MainMenu.xib in Resources */ = {isa = PBXBuildFile; fileRef = B5934B2615D0F6D000423A04 /* MainMenu.xib */; };
/* End PBXBuildFile section */

/* Begin PBXFileReference section */
		B524BE9315D10B5D00A0337D /* AHAppDelegate.h */ = {isa = PBXFileReference; fileEncoding = 4; lastKnownFileType = sourcecode.c.h; path = AHAppDelegate.h; sourceTree = "<group>"; };
		B524BE9415D10B5D00A0337D /* AHAppDelegate.m */ = {isa = PBXFileReference; fileEncoding = 4; lastKnownFileType = sourcecode.c.objc; path = AHAppDelegate.m; sourceTree = "<group>"; };
		B592DBED15D0F077000133DA /* ReignHelper.app */ = {isa = PBXFileReference; explicitFileType = wrapper.application; includeInIndex = 0; path = ReignHelper.app; sourceTree = BUILT_PRODUCTS_DIR; };
		B592DBF115D0F077000133DA /* Cocoa.framework */ = {isa = PBXFileReference; lastKnownFileType = wrapper.framework; name = Cocoa.framework; path = System/Library/Frameworks/Cocoa.framework; sourceTree = SDKROOT; };
		B592DBF415D0F077000133DA /* AppKit.framework */ = {isa = PBXFileReference; lastKnownFileType = wrapper.framework; name = AppKit.framework; path = System/Library/Frameworks/AppKit.framework; sourceTree = SDKROOT; };
		B592DBF515D0F077000133DA /* CoreData.framework */ = {isa = PBXFileReference; lastKnownFileType = wrapper.framework; name = CoreData.framework; path = System/Library/Frameworks/CoreData.framework; sourceTree = SDKROOT; };
		B592DBF615D0F077000133DA /* Foundation.framework */ = {isa = PBXFileReference; lastKnownFileType = wrapper.framework; name = Foundation.framework; path = System/Library/Frameworks/Foundation.framework; sourceTree = SDKROOT; };
		B592DBF915D0F077000133DA /* AutoStartHelper-Info.plist */ = {isa = PBXFileReference; lastKnownFileType = text.plist.xml; path = "AutoStartHelper-Info.plist"; sourceTree = "<group>"; };
		B592DBFB15D0F077000133DA /* en */ = {isa = PBXFileReference; lastKnownFileType = text.plist.strings; name = en; path = en.lproj/InfoPlist.strings; sourceTree = "<group>"; };
		B592DBFD15D0F077000133DA /* main.m */ = {isa = PBXFileReference; lastKnownFileType = sourcecode.c.objc; path = main.m; sourceTree = "<group>"; };
		B592DBFF15D0F077000133DA /* AutoStartHelper-Prefix.pch */ = {isa = PBXFileReference; lastKnownFileType = sourcecode.c.h; path = "AutoStartHelper-Prefix.pch"; sourceTree = "<group>"; };
		B592DC0115D0F077000133DA /* en */ = {isa = PBXFileReference; lastKnownFileType = text.rtf; name = en; path = en.lproj/Credits.rtf; sourceTree = "<group>"; };
		B5934B2715D0F6D000423A04 /* en */ = {isa = PBXFileReference; lastKnownFileType = file.xib; name = en; path = en.lproj/MainMenu.xib; sourceTree = "<group>"; };
		B5DAB45615D3C26100ACD382 /* SpotifyRemoteHelper.entitlements */ = {isa = PBXFileReference; lastKnownFileType = text.xml; name = SpotifyRemoteHelper.entitlements; path = ../SpotifyRemoteHelper.entitlements; sourceTree = "<group>"; };
/* End PBXFileReference section */

/* Begin PBXFrameworksBuildPhase section */
		B592DBEA15D0F077000133DA /* Frameworks */ = {
			isa = PBXFrameworksBuildPhase;
			buildActionMask = 2147483647;
			files = (
				B592DBF215D0F077000133DA /* Cocoa.framework in Frameworks */,
			);
			runOnlyForDeploymentPostprocessing = 0;
		};
/* End PBXFrameworksBuildPhase section */

/* Begin PBXGroup section */
		B592DBE215D0F077000133DA = {
			isa = PBXGroup;
			children = (
				B592DBF715D0F077000133DA /* AutoStartHelper */,
				B592DBF015D0F077000133DA /* Frameworks */,
				B592DBEE15D0F077000133DA /* Products */,
			);
			sourceTree = "<group>";
		};
		B592DBEE15D0F077000133DA /* Products */ = {
			isa = PBXGroup;
			children = (
				B592DBED15D0F077000133DA /* ReignHelper.app */,
			);
			name = Products;
			sourceTree = "<group>";
		};
		B592DBF015D0F077000133DA /* Frameworks */ = {
			isa = PBXGroup;
			children = (
				B592DBF115D0F077000133DA /* Cocoa.framework */,
				B592DBF315D0F077000133DA /* Other Frameworks */,
			);
			name = Frameworks;
			sourceTree = "<group>";
		};
		B592DBF315D0F077000133DA /* Other Frameworks */ = {
			isa = PBXGroup;
			children = (
				B592DBF415D0F077000133DA /* AppKit.framework */,
				B592DBF515D0F077000133DA /* CoreData.framework */,
				B592DBF615D0F077000133DA /* Foundation.framework */,
			);
			name = "Other Frameworks";
			sourceTree = "<group>";
		};
		B592DBF715D0F077000133DA /* AutoStartHelper */ = {
			isa = PBXGroup;
			children = (
				B524BE9315D10B5D00A0337D /* AHAppDelegate.h */,
				B524BE9415D10B5D00A0337D /* AHAppDelegate.m */,
				B5934B2615D0F6D000423A04 /* MainMenu.xib */,
				B592DBF815D0F077000133DA /* Supporting Files */,
			);
			path = AutoStartHelper;
			sourceTree = "<group>";
		};
		B592DBF815D0F077000133DA /* Supporting Files */ = {
			isa = PBXGroup;
			children = (
				B5DAB45615D3C26100ACD382 /* SpotifyRemoteHelper.entitlements */,
				B592DBF915D0F077000133DA /* AutoStartHelper-Info.plist */,
				B592DBFA15D0F077000133DA /* InfoPlist.strings */,
				B592DBFD15D0F077000133DA /* main.m */,
				B592DBFF15D0F077000133DA /* AutoStartHelper-Prefix.pch */,
				B592DC0015D0F077000133DA /* Credits.rtf */,
			);
			name = "Supporting Files";
			sourceTree = "<group>";
		};
/* End PBXGroup section */

/* Begin PBXNativeTarget section */
		B592DBEC15D0F077000133DA /* ReignHelper */ = {
			isa = PBXNativeTarget;
			buildConfigurationList = B592DC0B15D0F077000133DA /* Build configuration list for PBXNativeTarget "ReignHelper" */;
			buildPhases = (
				B592DBE915D0F077000133DA /* Sources */,
				B592DBEA15D0F077000133DA /* Frameworks */,
				B592DBEB15D0F077000133DA /* Resources */,
			);
			buildRules = (
			);
			dependencies = (
			);
			name = ReignHelper;
			productName = AutoStartHelper;
			productReference = B592DBED15D0F077000133DA /* ReignHelper.app */;
			productType = "com.apple.product-type.application";
		};
/* End PBXNativeTarget section */

/* Begin PBXProject section */
		B592DBE415D0F077000133DA /* Project object */ = {
			isa = PBXProject;
			attributes = {
				CLASSPREFIX = AH;
				LastUpgradeCheck = 0440;
				ORGANIZATIONNAME = "Danger Cove";
			};
			buildConfigurationList = B592DBE715D0F077000133DA /* Build configuration list for PBXProject "AutoStartHelper" */;
			compatibilityVersion = "Xcode 3.2";
			developmentRegion = English;
			hasScannedForEncodings = 0;
			knownRegions = (
				en,
			);
			mainGroup = B592DBE215D0F077000133DA;
			productRefGroup = B592DBEE15D0F077000133DA /* Products */;
			projectDirPath = "";
			projectRoot = "";
			targets = (
				B592DBEC15D0F077000133DA /* ReignHelper */,
			);
		};
/* End PBXProject section */

/* Begin PBXResourcesBuildPhase section */
		B592DBEB15D0F077000133DA /* Resources */ = {
			isa = PBXResourcesBuildPhase;
			buildActionMask = 2147483647;
			files = (
				B592DBFC15D0F077000133DA /* InfoPlist.strings in Resources */,
				B592DC0215D0F077000133DA /* Credits.rtf in Resources */,
				B5934B2815D0F6D000423A04 /* MainMenu.xib in Resources */,
			);
			runOnlyForDeploymentPostprocessing = 0;
		};
/* End PBXResourcesBuildPhase section */

/* Begin PBXSourcesBuildPhase section */
		B592DBE915D0F077000133DA /* Sources */ = {
			isa = PBXSourcesBuildPhase;
			buildActionMask = 2147483647;
			files = (
				B592DBFE15D0F077000133DA /* main.m in Sources */,
				B524BE9515D10B5D00A0337D /* AHAppDelegate.m in Sources */,
			);
			runOnlyForDeploymentPostprocessing = 0;
		};
/* End PBXSourcesBuildPhase section */

/* Begin PBXVariantGroup section */
		B592DBFA15D0F077000133DA /* InfoPlist.strings */ = {
			isa = PBXVariantGroup;
			children = (
				B592DBFB15D0F077000133DA /* en */,
			);
			name = InfoPlist.strings;
			sourceTree = "<group>";
		};
		B592DC0015D0F077000133DA /* Credits.rtf */ = {
			isa = PBXVariantGroup;
			children = (
				B592DC0115D0F077000133DA /* en */,
			);
			name = Credits.rtf;
			sourceTree = "<group>";
		};
		B5934B2615D0F6D000423A04 /* MainMenu.xib */ = {
			isa = PBXVariantGroup;
			children = (
				B5934B2715D0F6D000423A04 /* en */,
			);
			name = MainMenu.xib;
			sourceTree = "<group>";
		};
/* End PBXVariantGroup section */

/* Begin XCBuildConfiguration section */
		B592DC0915D0F077000133DA /* Debug */ = {
			isa = XCBuildConfiguration;
			buildSettings = {
				ALWAYS_SEARCH_USER_PATHS = NO;
				ARCHS = "$(ARCHS_STANDARD_64_BIT)";
				CLANG_CXX_LANGUAGE_STANDARD = "gnu++0x";
				CLANG_ENABLE_OBJC_ARC = YES;
				CLANG_WARN__DUPLICATE_METHOD_MATCH = YES;
				CODE_SIGN_IDENTITY = "3rd Party Mac Developer Application: B.G. van Amstel (RVZKP45394)";
				COPY_PHASE_STRIP = NO;
				GCC_C_LANGUAGE_STANDARD = gnu99;
				GCC_DYNAMIC_NO_PIC = NO;
				GCC_ENABLE_OBJC_EXCEPTIONS = YES;
				GCC_OPTIMIZATION_LEVEL = 0;
				GCC_PREPROCESSOR_DEFINITIONS = (
					"DEBUG=1",
					"$(inherited)",
				);
				GCC_SYMBOLS_PRIVATE_EXTERN = NO;
				GCC_WARN_64_TO_32_BIT_CONVERSION = YES;
				GCC_WARN_ABOUT_RETURN_TYPE = YES;
				GCC_WARN_UNINITIALIZED_AUTOS = YES;
				GCC_WARN_UNUSED_VARIABLE = YES;
				MACOSX_DEPLOYMENT_TARGET = 10.7;
				ONLY_ACTIVE_ARCH = YES;
				SDKROOT = macosx;
			};
			name = Debug;
		};
		B592DC0A15D0F077000133DA /* Release */ = {
			isa = XCBuildConfiguration;
			buildSettings = {
				ALWAYS_SEARCH_USER_PATHS = NO;
				ARCHS = "$(ARCHS_STANDARD_64_BIT)";
				CLANG_CXX_LANGUAGE_STANDARD = "gnu++0x";
				CLANG_ENABLE_OBJC_ARC = YES;
				CLANG_WARN__DUPLICATE_METHOD_MATCH = YES;
				CODE_SIGN_IDENTITY = "3rd Party Mac Developer Application: B.G. van Amstel (RVZKP45394)";
				COPY_PHASE_STRIP = YES;
				DEBUG_INFORMATION_FORMAT = "dwarf-with-dsym";
				GCC_C_LANGUAGE_STANDARD = gnu99;
				GCC_ENABLE_OBJC_EXCEPTIONS = YES;
				GCC_WARN_64_TO_32_BIT_CONVERSION = YES;
				GCC_WARN_ABOUT_RETURN_TYPE = YES;
				GCC_WARN_UNINITIALIZED_AUTOS = YES;
				GCC_WARN_UNUSED_VARIABLE = YES;
				MACOSX_DEPLOYMENT_TARGET = 10.7;
				SDKROOT = macosx;
			};
			name = Release;
		};
		B592DC0C15D0F077000133DA /* Debug */ = {
			isa = XCBuildConfiguration;
			buildSettings = {
				CODE_SIGN_ENTITLEMENTS = SpotifyRemoteHelper.entitlements;
				CODE_SIGN_IDENTITY = "3rd Party Mac Developer Application: B.G. van Amstel (RVZKP45394)";
				COMBINE_HIDPI_IMAGES = YES;
				GCC_PRECOMPILE_PREFIX_HEADER = YES;
				GCC_PREFIX_HEADER = "AutoStartHelper/AutoStartHelper-Prefix.pch";
				INFOPLIST_FILE = "AutoStartHelper/AutoStartHelper-Info.plist";
				MACOSX_DEPLOYMENT_TARGET = 10.7;
				PRODUCT_NAME = "${TARGET_NAME}";
				PROVISIONING_PROFILE = "";
				SKIP_INSTALL = YES;
				WRAPPER_EXTENSION = app;
			};
			name = Debug;
		};
		B592DC0D15D0F077000133DA /* Release */ = {
			isa = XCBuildConfiguration;
			buildSettings = {
				CODE_SIGN_ENTITLEMENTS = SpotifyRemoteHelper.entitlements;
				CODE_SIGN_IDENTITY = "3rd Party Mac Developer Application: B.G. van Amstel (RVZKP45394)";
				COMBINE_HIDPI_IMAGES = YES;
				GCC_PRECOMPILE_PREFIX_HEADER = YES;
				GCC_PREFIX_HEADER = "AutoStartHelper/AutoStartHelper-Prefix.pch";
				INFOPLIST_FILE = "AutoStartHelper/AutoStartHelper-Info.plist";
				MACOSX_DEPLOYMENT_TARGET = 10.7;
				PRODUCT_NAME = "${TARGET_NAME}";
				PROVISIONING_PROFILE = "";
				SKIP_INSTALL = YES;
				WRAPPER_EXTENSION = app;
			};
			name = Release;
		};
/* End XCBuildConfiguration section */

/* Begin XCConfigurationList section */
		B592DBE715D0F077000133DA /* Build configuration list for PBXProject "AutoStartHelper" */ = {
			isa = XCConfigurationList;
			buildConfigurations = (
				B592DC0915D0F077000133DA /* Debug */,
				B592DC0A15D0F077000133DA /* Release */,
			);
			defaultConfigurationIsVisible = 0;
			defaultConfigurationName = Release;
		};
		B592DC0B15D0F077000133DA /* Build configuration list for PBXNativeTarget "ReignHelper" */ = {
			isa = XCConfigurationList;
			buildConfigurations = (
				B592DC0C15D0F077000133DA /* Debug */,
				B592DC0D15D0F077000133DA /* Release */,
			);
			defaultConfigurationIsVisible = 0;
			defaultConfigurationName = Release;
		};
/* End XCConfigurationList section */
	};
	rootObject = B592DBE415D0F077000133DA /* Project object */;
}
